
Microsoft Visual Studio Solution File, Format Version 12.00
# Visual Studio Version 17
VisualStudioVersion = 17.10.34928.147
MinimumVisualStudioVersion = 10.0.40219.1
Project("{FAE04EC0-301F-11D3-BF4B-00C04F79EFBC}") = "taskadonet4", "taskadonet4.csproj", "{134AEDF9-91A2-4A78-8D0D-4A8E82D6749A}"
EndProject
Global
	GlobalSection(SolutionConfigurationPlatforms) = preSolution
		Debug|Any CPU = Debug|Any CPU
		Release|Any CPU = Release|Any CPU
	EndGlobalSection
	GlobalSection(ProjectConfigurationPlatforms) = postSolution
		{134AEDF9-91A2-4A78-8D0D-4A8E82D6749A}.Debug|Any CPU.ActiveCfg = Debug|Any CPU
		{134AEDF9-91A2-4A78-8D0D-4A8E82D6749A}.Debug|Any CPU.Build.0 = Debug|Any CPU
		{134AEDF9-91A2-4A78-8D0D-4A8E82D6749A}.Release|Any CPU.ActiveCfg = Release|Any CPU
		{134AEDF9-91A2-4A78-8D0D-4A8E82D6749A}.Release|Any CPU.Build.0 = Release|Any CPU
	EndGlobalSection
	GlobalSection(SolutionProperties) = preSolution
		HideSolutionNode = FALSE
	EndGlobalSection
	GlobalSection(ExtensibilityGlobals) = postSolution
		SolutionGuid = {EFBB6C9D-EB53-4777-AA21-06911DFA11B5}
	EndGlobalSection
EndGlobal
